// !$*UTF8*$!
{
	archiveVersion = 1;
	classes = {
	};
	objectVersion = 48;
	objects = {

/* Begin PBXBuildFile section */
		0D3604D9B713A41AC088998D /* Pods_Chatty.framework in Frameworks */ = {isa = PBXBuildFile; fileRef = 1AB3CEB4CC6D2F0544C454FC /* Pods_Chatty.framework */; };
		BA0EB5AE1FC6FBC90052B23C /* GoogleService-Info.plist in Resources */ = {isa = PBXBuildFile; fileRef = BA0EB5AD1FC6FBC90052B23C /* GoogleService-Info.plist */; };
		BA0EB5B01FC70E790052B23C /* ChannelsViewController.swift in Sources */ = {isa = PBXBuildFile; fileRef = BA0EB5AF1FC70E790052B23C /* ChannelsViewController.swift */; };
		BA94E6B01FC6D806004A771B /* AppDelegate.swift in Sources */ = {isa = PBXBuildFile; fileRef = BA94E6AF1FC6D806004A771B /* AppDelegate.swift */; };
		BA94E6B21FC6D806004A771B /* LoginViewController.swift in Sources */ = {isa = PBXBuildFile; fileRef = BA94E6B11FC6D806004A771B /* LoginViewController.swift */; };
		BA94E6B71FC6D806004A771B /* Assets.xcassets in Resources */ = {isa = PBXBuildFile; fileRef = BA94E6B61FC6D806004A771B /* Assets.xcassets */; };
		BA94E6BA1FC6D806004A771B /* LaunchScreen.storyboard in Resources */ = {isa = PBXBuildFile; fileRef = BA94E6B81FC6D806004A771B /* LaunchScreen.storyboard */; };
		BA94E6C31FC6D963004A771B /* Main.storyboard in Resources */ = {isa = PBXBuildFile; fileRef = BA94E6C21FC6D963004A771B /* Main.storyboard */; };
		BA94E6C71FC6DA05004A771B /* RegisterViewController.swift in Sources */ = {isa = PBXBuildFile; fileRef = BA94E6C61FC6DA05004A771B /* RegisterViewController.swift */; };
		BA9929DA1FC716B700D6323D /* CreateChannelCell.swift in Sources */ = {isa = PBXBuildFile; fileRef = BA9929D91FC716B700D6323D /* CreateChannelCell.swift */; };
		BA9929DC1FC72A7D00D6323D /* ChatViewController.swift in Sources */ = {isa = PBXBuildFile; fileRef = BA9929DB1FC72A7D00D6323D /* ChatViewController.swift */; };
		BA9929DE1FC72B9400D6323D /* Channel.swift in Sources */ = {isa = PBXBuildFile; fileRef = BA9929DD1FC72B9400D6323D /* Channel.swift */; };
/* End PBXBuildFile section */

/* Begin PBXFileReference section */
		13A688F13DD4264A1F224262 /* Pods-Chatty.release.xcconfig */ = {isa = PBXFileReference; includeInIndex = 1; lastKnownFileType = text.xcconfig; name = "Pods-Chatty.release.xcconfig"; path = "Pods/Target Support Files/Pods-Chatty/Pods-Chatty.release.xcconfig"; sourceTree = "<group>"; };
		1AB3CEB4CC6D2F0544C454FC /* Pods_Chatty.framework */ = {isa = PBXFileReference; explicitFileType = wrapper.framework; includeInIndex = 0; path = Pods_Chatty.framework; sourceTree = BUILT_PRODUCTS_DIR; };
		340BD0AF15E9347EEB4E4A4E /* Pods-Chatty.debug.xcconfig */ = {isa = PBXFileReference; includeInIndex = 1; lastKnownFileType = text.xcconfig; name = "Pods-Chatty.debug.xcconfig"; path = "Pods/Target Support Files/Pods-Chatty/Pods-Chatty.debug.xcconfig"; sourceTree = "<group>"; };
		BA0EB5AD1FC6FBC90052B23C /* GoogleService-Info.plist */ = {isa = PBXFileReference; fileEncoding = 4; lastKnownFileType = text.plist.xml; path = "GoogleService-Info.plist"; sourceTree = "<group>"; };
		BA0EB5AF1FC70E790052B23C /* ChannelsViewController.swift */ = {isa = PBXFileReference; lastKnownFileType = sourcecode.swift; path = ChannelsViewController.swift; sourceTree = "<group>"; };
		BA94E6AC1FC6D806004A771B /* Chatty.app */ = {isa = PBXFileReference; explicitFileType = wrapper.application; includeInIndex = 0; path = Chatty.app; sourceTree = BUILT_PRODUCTS_DIR; };
		BA94E6AF1FC6D806004A771B /* AppDelegate.swift */ = {isa = PBXFileReference; lastKnownFileType = sourcecode.swift; path = AppDelegate.swift; sourceTree = "<group>"; };
		BA94E6B11FC6D806004A771B /* LoginViewController.swift */ = {isa = PBXFileReference; lastKnownFileType = sourcecode.swift; path = LoginViewController.swift; sourceTree = "<group>"; };
		BA94E6B61FC6D806004A771B /* Assets.xcassets */ = {isa = PBXFileReference; lastKnownFileType = folder.assetcatalog; path = Assets.xcassets; sourceTree = "<group>"; };
		BA94E6B91FC6D806004A771B /* Base */ = {isa = PBXFileReference; lastKnownFileType = file.storyboard; name = Base; path = Base.lproj/LaunchScreen.storyboard; sourceTree = "<group>"; };
		BA94E6C21FC6D963004A771B /* Main.storyboard */ = {isa = PBXFileReference; lastKnownFileType = file.storyboard; path = Main.storyboard; sourceTree = "<group>"; };
		BA94E6C61FC6DA05004A771B /* RegisterViewController.swift */ = {isa = PBXFileReference; lastKnownFileType = sourcecode.swift; path = RegisterViewController.swift; sourceTree = "<group>"; };
		BA94E6C91FC6F4A5004A771B /* Info.plist */ = {isa = PBXFileReference; lastKnownFileType = text.plist.xml; path = Info.plist; sourceTree = "<group>"; };
		BA9929D91FC716B700D6323D /* CreateChannelCell.swift */ = {isa = PBXFileReference; lastKnownFileType = sourcecode.swift; path = CreateChannelCell.swift; sourceTree = "<group>"; };
		BA9929DB1FC72A7D00D6323D /* ChatViewController.swift */ = {isa = PBXFileReference; lastKnownFileType = sourcecode.swift; path = ChatViewController.swift; sourceTree = "<group>"; };
		BA9929DD1FC72B9400D6323D /* Channel.swift */ = {isa = PBXFileReference; lastKnownFileType = sourcecode.swift; path = Channel.swift; sourceTree = "<group>"; };
/* End PBXFileReference section */

/* Begin PBXFrameworksBuildPhase section */
		BA94E6A91FC6D806004A771B /* Frameworks */ = {
			isa = PBXFrameworksBuildPhase;
			buildActionMask = 2147483647;
			files = (
				0D3604D9B713A41AC088998D /* Pods_Chatty.framework in Frameworks */,
			);
			runOnlyForDeploymentPostprocessing = 0;
		};
/* End PBXFrameworksBuildPhase section */

/* Begin PBXGroup section */
		A564437C43FFBD6A1BA6E69E /* Pods */ = {
			isa = PBXGroup;
			children = (
				340BD0AF15E9347EEB4E4A4E /* Pods-Chatty.debug.xcconfig */,
				13A688F13DD4264A1F224262 /* Pods-Chatty.release.xcconfig */,
			);
			name = Pods;
			sourceTree = "<group>";
		};
		AD3A2057AAFE28205FF82AA3 /* Frameworks */ = {
			isa = PBXGroup;
			children = (
				1AB3CEB4CC6D2F0544C454FC /* Pods_Chatty.framework */,
			);
			name = Frameworks;
			sourceTree = "<group>";
		};
		BA94E6A31FC6D806004A771B = {
			isa = PBXGroup;
			children = (
				BA94E6AE1FC6D806004A771B /* Chatty */,
				BA94E6AD1FC6D806004A771B /* Products */,
				A564437C43FFBD6A1BA6E69E /* Pods */,
				AD3A2057AAFE28205FF82AA3 /* Frameworks */,
			);
			sourceTree = "<group>";
		};
		BA94E6AD1FC6D806004A771B /* Products */ = {
			isa = PBXGroup;
			children = (
				BA94E6AC1FC6D806004A771B /* Chatty.app */,
			);
			name = Products;
			sourceTree = "<group>";
		};
		BA94E6AE1FC6D806004A771B /* Chatty */ = {
			isa = PBXGroup;
			children = (
				BA0EB5AD1FC6FBC90052B23C /* GoogleService-Info.plist */,
				BA94E6C91FC6F4A5004A771B /* Info.plist */,
				BA94E6C41FC6D991004A771B /* Supporting files */,
				BA94E6C51FC6D99E004A771B /* Application */,
				BA94E6B11FC6D806004A771B /* LoginViewController.swift */,
				BA94E6C61FC6DA05004A771B /* RegisterViewController.swift */,
				BA9929DD1FC72B9400D6323D /* Channel.swift */,
				BA0EB5AF1FC70E790052B23C /* ChannelsViewController.swift */,
				BA9929DB1FC72A7D00D6323D /* ChatViewController.swift */,
				BA9929D91FC716B700D6323D /* CreateChannelCell.swift */,
				BA94E6C21FC6D963004A771B /* Main.storyboard */,
				BA94E6B81FC6D806004A771B /* LaunchScreen.storyboard */,
			);
			path = Chatty;
			sourceTree = "<group>";
		};
		BA94E6C41FC6D991004A771B /* Supporting files */ = {
			isa = PBXGroup;
			children = (
				BA94E6B61FC6D806004A771B /* Assets.xcassets */,
			);
			path = "Supporting files";
			sourceTree = "<group>";
		};
		BA94E6C51FC6D99E004A771B /* Application */ = {
			isa = PBXGroup;
			children = (
				BA94E6AF1FC6D806004A771B /* AppDelegate.swift */,
			);
			path = Application;
			sourceTree = "<group>";
		};
/* End PBXGroup section */

/* Begin PBXNativeTarget section */
		BA94E6AB1FC6D806004A771B /* Chatty */ = {
			isa = PBXNativeTarget;
			buildConfigurationList = BA94E6BE1FC6D806004A771B /* Build configuration list for PBXNativeTarget "Chatty" */;
			buildPhases = (
				92EE73FE7E54AFF3B2745377 /* [CP] Check Pods Manifest.lock */,
				BA94E6A81FC6D806004A771B /* Sources */,
				BA94E6A91FC6D806004A771B /* Frameworks */,
				BA94E6AA1FC6D806004A771B /* Resources */,
				C6E9DF356A11643EE74B1D1D /* [CP] Embed Pods Frameworks */,
				B81CF6EB85D149EBB11A05C4 /* [CP] Copy Pods Resources */,
			);
			buildRules = (
			);
			dependencies = (
			);
			name = Chatty;
			productName = Chatty;
			productReference = BA94E6AC1FC6D806004A771B /* Chatty.app */;
			productType = "com.apple.product-type.application";
		};
/* End PBXNativeTarget section */

/* Begin PBXProject section */
		BA94E6A41FC6D806004A771B /* Project object */ = {
			isa = PBXProject;
			attributes = {
				LastSwiftUpdateCheck = 0900;
				LastUpgradeCheck = 0900;
				ORGANIZATIONNAME = Relorie;
				TargetAttributes = {
					BA94E6AB1FC6D806004A771B = {
						CreatedOnToolsVersion = 9.0;
						ProvisioningStyle = Automatic;
					};
				};
			};
			buildConfigurationList = BA94E6A71FC6D806004A771B /* Build configuration list for PBXProject "Chatty" */;
			compatibilityVersion = "Xcode 8.0";
			developmentRegion = en;
			hasScannedForEncodings = 0;
			knownRegions = (
				en,
				Base,
			);
			mainGroup = BA94E6A31FC6D806004A771B;
			productRefGroup = BA94E6AD1FC6D806004A771B /* Products */;
			projectDirPath = "";
			projectRoot = "";
			targets = (
				BA94E6AB1FC6D806004A771B /* Chatty */,
			);
		};
/* End PBXProject section */

/* Begin PBXResourcesBuildPhase section */
		BA94E6AA1FC6D806004A771B /* Resources */ = {
			isa = PBXResourcesBuildPhase;
			buildActionMask = 2147483647;
			files = (
				BA94E6BA1FC6D806004A771B /* LaunchScreen.storyboard in Resources */,
				BA0EB5AE1FC6FBC90052B23C /* GoogleService-Info.plist in Resources */,
				BA94E6B71FC6D806004A771B /* Assets.xcassets in Resources */,
				BA94E6C31FC6D963004A771B /* Main.storyboard in Resources */,
			);
			runOnlyForDeploymentPostprocessing = 0;
		};
/* End PBXResourcesBuildPhase section */

/* Begin PBXShellScriptBuildPhase section */
		92EE73FE7E54AFF3B2745377 /* [CP] Check Pods Manifest.lock */ = {
			isa = PBXShellScriptBuildPhase;
			buildActionMask = 2147483647;
			files = (
			);
			inputPaths = (
				"${PODS_PODFILE_DIR_PATH}/Podfile.lock",
				"${PODS_ROOT}/Manifest.lock",
			);
			name = "[CP] Check Pods Manifest.lock";
			outputPaths = (
				"$(DERIVED_FILE_DIR)/Pods-Chatty-checkManifestLockResult.txt",
			);
			runOnlyForDeploymentPostprocessing = 0;
			shellPath = /bin/sh;
			shellScript = "diff \"${PODS_PODFILE_DIR_PATH}/Podfile.lock\" \"${PODS_ROOT}/Manifest.lock\" > /dev/null\nif [ $? != 0 ] ; then\n    # print error to STDERR\n    echo \"error: The sandbox is not in sync with the Podfile.lock. Run 'pod install' or update your CocoaPods installation.\" >&2\n    exit 1\nfi\n# This output is used by Xcode 'outputs' to avoid re-running this script phase.\necho \"SUCCESS\" > \"${SCRIPT_OUTPUT_FILE_0}\"\n";
			showEnvVarsInLog = 0;
		};
		B81CF6EB85D149EBB11A05C4 /* [CP] Copy Pods Resources */ = {
			isa = PBXShellScriptBuildPhase;
			buildActionMask = 2147483647;
			files = (
			);
			inputPaths = (
			);
			name = "[CP] Copy Pods Resources";
			outputPaths = (
			);
			runOnlyForDeploymentPostprocessing = 0;
			shellPath = /bin/sh;
			shellScript = "\"${SRCROOT}/Pods/Target Support Files/Pods-Chatty/Pods-Chatty-resources.sh\"\n";
			showEnvVarsInLog = 0;
		};
		C6E9DF356A11643EE74B1D1D /* [CP] Embed Pods Frameworks */ = {
			isa = PBXShellScriptBuildPhase;
			buildActionMask = 2147483647;
			files = (
			);
			inputPaths = (
				"${SRCROOT}/Pods/Target Support Files/Pods-Chatty/Pods-Chatty-frameworks.sh",
				"${BUILT_PRODUCTS_DIR}/GTMSessionFetcher/GTMSessionFetcher.framework",
				"${BUILT_PRODUCTS_DIR}/GoogleToolboxForMac/GoogleToolboxForMac.framework",
				"${BUILT_PRODUCTS_DIR}/JSQMessagesViewController/JSQMessagesViewController.framework",
				"${BUILT_PRODUCTS_DIR}/JSQSystemSoundPlayer/JSQSystemSoundPlayer.framework",
				"${BUILT_PRODUCTS_DIR}/leveldb-library/leveldb.framework",
				"${BUILT_PRODUCTS_DIR}/nanopb/nanopb.framework",
			);
			name = "[CP] Embed Pods Frameworks";
			outputPaths = (
				"${TARGET_BUILD_DIR}/${FRAMEWORKS_FOLDER_PATH}/GTMSessionFetcher.framework",
				"${TARGET_BUILD_DIR}/${FRAMEWORKS_FOLDER_PATH}/GoogleToolboxForMac.framework",
				"${TARGET_BUILD_DIR}/${FRAMEWORKS_FOLDER_PATH}/JSQMessagesViewController.framework",
				"${TARGET_BUILD_DIR}/${FRAMEWORKS_FOLDER_PATH}/JSQSystemSoundPlayer.framework",
				"${TARGET_BUILD_DIR}/${FRAMEWORKS_FOLDER_PATH}/leveldb.framework",
				"${TARGET_BUILD_DIR}/${FRAMEWORKS_FOLDER_PATH}/nanopb.framework",
			);
			runOnlyForDeploymentPostprocessing = 0;
			shellPath = /bin/sh;
			shellScript = "\"${SRCROOT}/Pods/Target Support Files/Pods-Chatty/Pods-Chatty-frameworks.sh\"\n";
			showEnvVarsInLog = 0;
		};
/* End PBXShellScriptBuildPhase section */

/* Begin PBXSourcesBuildPhase section */
		BA94E6A81FC6D806004A771B /* Sources */ = {
			isa = PBXSourcesBuildPhase;
			buildActionMask = 2147483647;
			files = (
				BA9929DE1FC72B9400D6323D /* Channel.swift in Sources */,
				BA9929DC1FC72A7D00D6323D /* ChatViewController.swift in Sources */,
				BA94E6C71FC6DA05004A771B /* RegisterViewController.swift in Sources */,
				BA94E6B21FC6D806004A771B /* LoginViewController.swift in Sources */,
				BA0EB5B01FC70E790052B23C /* ChannelsViewController.swift in Sources */,
				BA94E6B01FC6D806004A771B /* AppDelegate.swift in Sources */,
				BA9929DA1FC716B700D6323D /* CreateChannelCell.swift in Sources */,
			);
			runOnlyForDeploymentPostprocessing = 0;
		};
/* End PBXSourcesBuildPhase section */

/* Begin PBXVariantGroup section */
		BA94E6B81FC6D806004A771B /* LaunchScreen.storyboard */ = {
			isa = PBXVariantGroup;
			children = (
				BA94E6B91FC6D806004A771B /* Base */,
			);
			name = LaunchScreen.storyboard;
			sourceTree = "<group>";
		};
/* End PBXVariantGroup section */

/* Begin XCBuildConfiguration section */
		BA94E6BC1FC6D806004A771B /* Debug */ = {
			isa = XCBuildConfiguration;
			buildSettings = {
				ALWAYS_SEARCH_USER_PATHS = NO;
				CLANG_ANALYZER_NONNULL = YES;
				CLANG_ANALYZER_NUMBER_OBJECT_CONVERSION = YES_AGGRESSIVE;
				CLANG_CXX_LANGUAGE_STANDARD = "gnu++14";
				CLANG_CXX_LIBRARY = "libc++";
				CLANG_ENABLE_MODULES = YES;
				CLANG_ENABLE_OBJC_ARC = YES;
				CLANG_WARN_BLOCK_CAPTURE_AUTORELEASING = YES;
				CLANG_WARN_BOOL_CONVERSION = YES;
				CLANG_WARN_COMMA = YES;
				CLANG_WARN_CONSTANT_CONVERSION = YES;
				CLANG_WARN_DIRECT_OBJC_ISA_USAGE = YES_ERROR;
				CLANG_WARN_DOCUMENTATION_COMMENTS = YES;
				CLANG_WARN_EMPTY_BODY = YES;
				CLANG_WARN_ENUM_CONVERSION = YES;
				CLANG_WARN_INFINITE_RECURSION = YES;
				CLANG_WARN_INT_CONVERSION = YES;
				CLANG_WARN_NON_LITERAL_NULL_CONVERSION = YES;
				CLANG_WARN_OBJC_LITERAL_CONVERSION = YES;
				CLANG_WARN_OBJC_ROOT_CLASS = YES_ERROR;
				CLANG_WARN_RANGE_LOOP_ANALYSIS = YES;
				CLANG_WARN_STRICT_PROTOTYPES = YES;
				CLANG_WARN_SUSPICIOUS_MOVE = YES;
				CLANG_WARN_UNGUARDED_AVAILABILITY = YES_AGGRESSIVE;
				CLANG_WARN_UNREACHABLE_CODE = YES;
				CLANG_WARN__DUPLICATE_METHOD_MATCH = YES;
				CODE_SIGN_IDENTITY = "iPhone Developer";
				COPY_PHASE_STRIP = NO;
				DEBUG_INFORMATION_FORMAT = dwarf;
				ENABLE_STRICT_OBJC_MSGSEND = YES;
				ENABLE_TESTABILITY = YES;
				GCC_C_LANGUAGE_STANDARD = gnu11;
				GCC_DYNAMIC_NO_PIC = NO;
				GCC_NO_COMMON_BLOCKS = YES;
				GCC_OPTIMIZATION_LEVEL = 0;
				GCC_PREPROCESSOR_DEFINITIONS = (
					"DEBUG=1",
					"$(inherited)",
				);
				GCC_WARN_64_TO_32_BIT_CONVERSION = YES;
				GCC_WARN_ABOUT_RETURN_TYPE = YES_ERROR;
				GCC_WARN_UNDECLARED_SELECTOR = YES;
				GCC_WARN_UNINITIALIZED_AUTOS = YES_AGGRESSIVE;
				GCC_WARN_UNUSED_FUNCTION = YES;
				GCC_WARN_UNUSED_VARIABLE = YES;
				IPHONEOS_DEPLOYMENT_TARGET = 11.0;
				MTL_ENABLE_DEBUG_INFO = YES;
				ONLY_ACTIVE_ARCH = YES;
				SDKROOT = iphoneos;
				SWIFT_ACTIVE_COMPILATION_CONDITIONS = DEBUG;
				SWIFT_OPTIMIZATION_LEVEL = "-Onone";
			};
			name = Debug;
		};
		BA94E6BD1FC6D806004A771B /* Release */ = {
			isa = XCBuildConfiguration;
			buildSettings = {
				ALWAYS_SEARCH_USER_PATHS = NO;
				CLANG_ANALYZER_NONNULL = YES;
				CLANG_ANALYZER_NUMBER_OBJECT_CONVERSION = YES_AGGRESSIVE;
				CLANG_CXX_LANGUAGE_STANDARD = "gnu++14";
				CLANG_CXX_LIBRARY = "libc++";
				CLANG_ENABLE_MODULES = YES;
				CLANG_ENABLE_OBJC_ARC = YES;
				CLANG_WARN_BLOCK_CAPTURE_AUTORELEASING = YES;
				CLANG_WARN_BOOL_CONVERSION = YES;
				CLANG_WARN_COMMA = YES;
				CLANG_WARN_CONSTANT_CONVERSION = YES;
				CLANG_WARN_DIRECT_OBJC_ISA_USAGE = YES_ERROR;
				CLANG_WARN_DOCUMENTATION_COMMENTS = YES;
				CLANG_WARN_EMPTY_BODY = YES;
				CLANG_WARN_ENUM_CONVERSION = YES;
				CLANG_WARN_INFINITE_RECURSION = YES;
				CLANG_WARN_INT_CONVERSION = YES;
				CLANG_WARN_NON_LITERAL_NULL_CONVERSION = YES;
				CLANG_WARN_OBJC_LITERAL_CONVERSION = YES;
				CLANG_WARN_OBJC_ROOT_CLASS = YES_ERROR;
				CLANG_WARN_RANGE_LOOP_ANALYSIS = YES;
				CLANG_WARN_STRICT_PROTOTYPES = YES;
				CLANG_WARN_SUSPICIOUS_MOVE = YES;
				CLANG_WARN_UNGUARDED_AVAILABILITY = YES_AGGRESSIVE;
				CLANG_WARN_UNREACHABLE_CODE = YES;
				CLANG_WARN__DUPLICATE_METHOD_MATCH = YES;
				CODE_SIGN_IDENTITY = "iPhone Developer";
				COPY_PHASE_STRIP = NO;
				DEBUG_INFORMATION_FORMAT = "dwarf-with-dsym";
				ENABLE_NS_ASSERTIONS = NO;
				ENABLE_STRICT_OBJC_MSGSEND = YES;
				GCC_C_LANGUAGE_STANDARD = gnu11;
				GCC_NO_COMMON_BLOCKS = YES;
				GCC_WARN_64_TO_32_BIT_CONVERSION = YES;
				GCC_WARN_ABOUT_RETURN_TYPE = YES_ERROR;
				GCC_WARN_UNDECLARED_SELECTOR = YES;
				GCC_WARN_UNINITIALIZED_AUTOS = YES_AGGRESSIVE;
				GCC_WARN_UNUSED_FUNCTION = YES;
				GCC_WARN_UNUSED_VARIABLE = YES;
				IPHONEOS_DEPLOYMENT_TARGET = 11.0;
				MTL_ENABLE_DEBUG_INFO = NO;
				SDKROOT = iphoneos;
				SWIFT_OPTIMIZATION_LEVEL = "-Owholemodule";
				VALIDATE_PRODUCT = YES;
			};
			name = Release;
		};
		BA94E6BF1FC6D806004A771B /* Debug */ = {
			isa = XCBuildConfiguration;
			baseConfigurationReference = 340BD0AF15E9347EEB4E4A4E /* Pods-Chatty.debug.xcconfig */;
			buildSettings = {
				ASSETCATALOG_COMPILER_APPICON_NAME = AppIcon;
				CODE_SIGN_STYLE = Automatic;
				INFOPLIST_FILE = Chatty/Info.plist;
				LD_RUNPATH_SEARCH_PATHS = "$(inherited) @executable_path/Frameworks";
				PRODUCT_BUNDLE_IDENTIFIER = com.relorie.Chatty;
				PRODUCT_NAME = "$(TARGET_NAME)";
				SWIFT_VERSION = 4.0;
				TARGETED_DEVICE_FAMILY = "1,2";
			};
			name = Debug;
		};
		BA94E6C01FC6D806004A771B /* Release */ = {
			isa = XCBuildConfiguration;
			baseConfigurationReference = 13A688F13DD4264A1F224262 /* Pods-Chatty.release.xcconfig */;
			buildSettings = {
				ASSETCATALOG_COMPILER_APPICON_NAME = AppIcon;
				CODE_SIGN_STYLE = Automatic;
				INFOPLIST_FILE = Chatty/Info.plist;
				LD_RUNPATH_SEARCH_PATHS = "$(inherited) @executable_path/Frameworks";
				PRODUCT_BUNDLE_IDENTIFIER = com.relorie.Chatty;
				PRODUCT_NAME = "$(TARGET_NAME)";
				SWIFT_VERSION = 4.0;
				TARGETED_DEVICE_FAMILY = "1,2";
			};
			name = Release;
		};
/* End XCBuildConfiguration section */

/* Begin XCConfigurationList section */
		BA94E6A71FC6D806004A771B /* Build configuration list for PBXProject "Chatty" */ = {
			isa = XCConfigurationList;
			buildConfigurations = (
				BA94E6BC1FC6D806004A771B /* Debug */,
				BA94E6BD1FC6D806004A771B /* Release */,
			);
			defaultConfigurationIsVisible = 0;
			defaultConfigurationName = Release;
		};
		BA94E6BE1FC6D806004A771B /* Build configuration list for PBXNativeTarget "Chatty" */ = {
			isa = XCConfigurationList;
			buildConfigurations = (
				BA94E6BF1FC6D806004A771B /* Debug */,
				BA94E6C01FC6D806004A771B /* Release */,
			);
			defaultConfigurationIsVisible = 0;
			defaultConfigurationName = Release;
		};
/* End XCConfigurationList section */
	};
	rootObject = BA94E6A41FC6D806004A771B /* Project object */;
}
